
Microsoft Visual Studio Solution File, Format Version 12.00
# Visual Studio Version 17
VisualStudioVersion = 17.3.32922.545
MinimumVisualStudioVersion = 10.0.40219.1
Project("{FAE04EC0-301F-11D3-BF4B-00C04F79EFBC}") = "JSONProject", "JSONProject\JSONProject.csproj", "{8F4A2B62-2545-4F54-8EA1-DFB44B50B011}"
EndProject
Project("{FAE04EC0-301F-11D3-BF4B-00C04F79EFBC}") = "NewtonsoftDeserialization", "NewtonsoftDeserialization\NewtonsoftDeserialization.csproj", "{92B79922-8B4A-456E-A0B5-45F8C85B02F9}"
EndProject
Global
	GlobalSection(SolutionConfigurationPlatforms) = preSolution
		Debug|Any CPU = Debug|Any CPU
		Release|Any CPU = Release|Any CPU
	EndGlobalSection
	GlobalSection(ProjectConfigurationPlatforms) = postSolution
		{8F4A2B62-2545-4F54-8EA1-DFB44B50B011}.Debug|Any CPU.ActiveCfg = Debug|Any CPU
		{8F4A2B62-2545-4F54-8EA1-DFB44B50B011}.Debug|Any CPU.Build.0 = Debug|Any CPU
		{8F4A2B62-2545-4F54-8EA1-DFB44B50B011}.Release|Any CPU.ActiveCfg = Release|Any CPU
		{8F4A2B62-2545-4F54-8EA1-DFB44B50B011}.Release|Any CPU.Build.0 = Release|Any CPU
		{92B79922-8B4A-456E-A0B5-45F8C85B02F9}.Debug|Any CPU.ActiveCfg = Debug|Any CPU
		{92B79922-8B4A-456E-A0B5-45F8C85B02F9}.Debug|Any CPU.Build.0 = Debug|Any CPU
		{92B79922-8B4A-456E-A0B5-45F8C85B02F9}.Release|Any CPU.ActiveCfg = Release|Any CPU
		{92B79922-8B4A-456E-A0B5-45F8C85B02F9}.Release|Any CPU.Build.0 = Release|Any CPU
	EndGlobalSection
	GlobalSection(SolutionProperties) = preSolution
		HideSolutionNode = FALSE
	EndGlobalSection
	GlobalSection(ExtensibilityGlobals) = postSolution
		SolutionGuid = {518A9687-579D-4F43-829E-AFD4DCFA6D73}
	EndGlobalSection
EndGlobal
